
Microsoft Visual Studio Solution File, Format Version 12.00
# Visual Studio Version 17
VisualStudioVersion = 17.5.002.0
MinimumVisualStudioVersion = 10.0.40219.1
Project("{9A19103F-16F7-4668-BE54-9A1E7A4F7556}") = "aoc23", "aoc23.csproj", "{2CC4321B-675B-4020-B1A4-B58A2242EB55}"
EndProject
Global
	GlobalSection(SolutionConfigurationPlatforms) = preSolution
		Debug|Any CPU = Debug|Any CPU
		Release|Any CPU = Release|Any CPU
	EndGlobalSection
	GlobalSection(ProjectConfigurationPlatforms) = postSolution
		{2CC4321B-675B-4020-B1A4-B58A2242EB55}.Debug|Any CPU.ActiveCfg = Debug|Any CPU
		{2CC4321B-675B-4020-B1A4-B58A2242EB55}.Debug|Any CPU.Build.0 = Debug|Any CPU
		{2CC4321B-675B-4020-B1A4-B58A2242EB55}.Release|Any CPU.ActiveCfg = Release|Any CPU
		{2CC4321B-675B-4020-B1A4-B58A2242EB55}.Release|Any CPU.Build.0 = Release|Any CPU
	EndGlobalSection
	GlobalSection(SolutionProperties) = preSolution
		HideSolutionNode = FALSE
	EndGlobalSection
	GlobalSection(ExtensibilityGlobals) = postSolution
		SolutionGuid = {52FEAADD-654C-4347-937E-5230E987F3FF}
	EndGlobalSection
EndGlobal
