
Microsoft Visual Studio Solution File, Format Version 12.00
# Visual Studio Version 17
VisualStudioVersion = 17.5.002.0
MinimumVisualStudioVersion = 10.0.40219.1
Project("{9A19103F-16F7-4668-BE54-9A1E7A4F7556}") = "aoc23", "aoc23\aoc23.csproj", "{24891949-B90E-4AA5-96F1-0D1E06F245FC}"
EndProject
Global
	GlobalSection(SolutionConfigurationPlatforms) = preSolution
		Debug|Any CPU = Debug|Any CPU
		Release|Any CPU = Release|Any CPU
	EndGlobalSection
	GlobalSection(ProjectConfigurationPlatforms) = postSolution
		{24891949-B90E-4AA5-96F1-0D1E06F245FC}.Debug|Any CPU.ActiveCfg = Debug|Any CPU
		{24891949-B90E-4AA5-96F1-0D1E06F245FC}.Debug|Any CPU.Build.0 = Debug|Any CPU
		{24891949-B90E-4AA5-96F1-0D1E06F245FC}.Release|Any CPU.ActiveCfg = Release|Any CPU
		{24891949-B90E-4AA5-96F1-0D1E06F245FC}.Release|Any CPU.Build.0 = Release|Any CPU
	EndGlobalSection
	GlobalSection(SolutionProperties) = preSolution
		HideSolutionNode = FALSE
	EndGlobalSection
	GlobalSection(ExtensibilityGlobals) = postSolution
		SolutionGuid = {7F5BE19E-6237-4108-BE92-E25940E4EBCD}
	EndGlobalSection
EndGlobal
